
Microsoft Visual Studio Solution File, Format Version 12.00
# Visual Studio Version 16
VisualStudioVersion = 16.0.28803.156
MinimumVisualStudioVersion = 10.0.40219.1
Project("{FAE04EC0-301F-11D3-BF4B-00C04F79EFBC}") = "SimpleProvider", "SimpleProvider\SimpleProvider.csproj", "{B158FAD2-6CEE-45F7-A175-CAAAAFCECDEC}"
EndProject
Project("{FAE04EC0-301F-11D3-BF4B-00C04F79EFBC}") = "SimpleConsumer", "SimpleConsumer\SimpleConsumer.csproj", "{5E2B0549-7570-4D5D-B3BE-43B7B4036910}"
EndProject
Project("{FAE04EC0-301F-11D3-BF4B-00C04F79EFBC}") = "SimpleKernelConsumer", "SimpleKernelConsumer\SimpleKernelConsumer.csproj", "{A5767AEB-6644-4BAF-BBE6-6EFA0425E4E7}"
EndProject
Project("{FAE04EC0-301F-11D3-BF4B-00C04F79EFBC}") = "SimpleProfiling", "SimpleProfiling\SimpleProfiling.csproj", "{527E78BA-1BA1-4298-8CB7-EAE474B328A6}"
EndProject
Project("{FAE04EC0-301F-11D3-BF4B-00C04F79EFBC}") = "NetworkMonitor", "NetworkMonitor\NetworkMonitor.csproj", "{B94928E2-881D-4253-B3AF-15485817E72D}"
EndProject
Project("{FAE04EC0-301F-11D3-BF4B-00C04F79EFBC}") = "DebugPrint", "DebugPrint\DebugPrint.csproj", "{9E991402-0E00-4871-A2FF-D730FD3EDB80}"
EndProject
Project("{FAE04EC0-301F-11D3-BF4B-00C04F79EFBC}") = "ClrLogger", "ClrLogger\ClrLogger.csproj", "{75E670DD-2A9C-44DA-B47B-18C5FD06EF96}"
EndProject
Project("{FAE04EC0-301F-11D3-BF4B-00C04F79EFBC}") = "Filtering.Core", "Filtering.Core\Filtering.Core.csproj", "{B0BD9D6F-8AB2-4768-BD83-5E00792BFDEC}"
EndProject
Project("{FAE04EC0-301F-11D3-BF4B-00C04F79EFBC}") = "ExceptionLogger", "ExceptionLogger\ExceptionLogger.csproj", "{FA550A23-126B-4C9C-A5DB-AD35A196E900}"
EndProject
Project("{FAE04EC0-301F-11D3-BF4B-00C04F79EFBC}") = "ExceptionLoggerWithStack", "ExceptionLoggerWithStack\ExceptionLoggerWithStack.csproj", "{01A753BF-3755-4B67-BBB4-EFA8AC66B1EE}"
EndProject
Project("{2150E333-8FDC-42A3-9474-1A3956D46DE8}") = "Exceptions", "Exceptions", "{881FA0B3-9549-4D2A-8165-832242D9BCB4}"
EndProject
Project("{2150E333-8FDC-42A3-9474-1A3956D46DE8}") = "ETWProvider", "ETWProvider", "{BC574723-7DC0-412E-8BEF-1B5524F6446A}"
EndProject
Project("{2150E333-8FDC-42A3-9474-1A3956D46DE8}") = "KernelEvents", "KernelEvents", "{63830658-4CFC-4441-98ED-764D5F55DC9F}"
EndProject
Project("{2150E333-8FDC-42A3-9474-1A3956D46DE8}") = "Krabs", "Krabs", "{DDBA7DD7-593D-4E23-AC06-836A0EACA7A0}"
EndProject
Project("{2150E333-8FDC-42A3-9474-1A3956D46DE8}") = "CLREvents", "CLREvents", "{E1DD8F2E-3445-425C-965C-55754B9841FF}"
EndProject
Project("{2150E333-8FDC-42A3-9474-1A3956D46DE8}") = "Libraries", "Libraries", "{0ECB3EBD-0345-4718-9A10-54EE5CEBC5FB}"
EndProject
Global
	GlobalSection(SolutionConfigurationPlatforms) = preSolution
		Debug|Any CPU = Debug|Any CPU
		Release|Any CPU = Release|Any CPU
	EndGlobalSection
	GlobalSection(ProjectConfigurationPlatforms) = postSolution
		{B158FAD2-6CEE-45F7-A175-CAAAAFCECDEC}.Debug|Any CPU.ActiveCfg = Debug|Any CPU
		{B158FAD2-6CEE-45F7-A175-CAAAAFCECDEC}.Debug|Any CPU.Build.0 = Debug|Any CPU
		{B158FAD2-6CEE-45F7-A175-CAAAAFCECDEC}.Release|Any CPU.ActiveCfg = Release|Any CPU
		{B158FAD2-6CEE-45F7-A175-CAAAAFCECDEC}.Release|Any CPU.Build.0 = Release|Any CPU
		{5E2B0549-7570-4D5D-B3BE-43B7B4036910}.Debug|Any CPU.ActiveCfg = Debug|Any CPU
		{5E2B0549-7570-4D5D-B3BE-43B7B4036910}.Debug|Any CPU.Build.0 = Debug|Any CPU
		{5E2B0549-7570-4D5D-B3BE-43B7B4036910}.Release|Any CPU.ActiveCfg = Release|Any CPU
		{5E2B0549-7570-4D5D-B3BE-43B7B4036910}.Release|Any CPU.Build.0 = Release|Any CPU
		{A5767AEB-6644-4BAF-BBE6-6EFA0425E4E7}.Debug|Any CPU.ActiveCfg = Debug|Any CPU
		{A5767AEB-6644-4BAF-BBE6-6EFA0425E4E7}.Debug|Any CPU.Build.0 = Debug|Any CPU
		{A5767AEB-6644-4BAF-BBE6-6EFA0425E4E7}.Release|Any CPU.ActiveCfg = Release|Any CPU
		{A5767AEB-6644-4BAF-BBE6-6EFA0425E4E7}.Release|Any CPU.Build.0 = Release|Any CPU
		{527E78BA-1BA1-4298-8CB7-EAE474B328A6}.Debug|Any CPU.ActiveCfg = Debug|Any CPU
		{527E78BA-1BA1-4298-8CB7-EAE474B328A6}.Debug|Any CPU.Build.0 = Debug|Any CPU
		{527E78BA-1BA1-4298-8CB7-EAE474B328A6}.Release|Any CPU.ActiveCfg = Release|Any CPU
		{527E78BA-1BA1-4298-8CB7-EAE474B328A6}.Release|Any CPU.Build.0 = Release|Any CPU
		{B94928E2-881D-4253-B3AF-15485817E72D}.Debug|Any CPU.ActiveCfg = Debug|Any CPU
		{B94928E2-881D-4253-B3AF-15485817E72D}.Debug|Any CPU.Build.0 = Debug|Any CPU
		{B94928E2-881D-4253-B3AF-15485817E72D}.Release|Any CPU.ActiveCfg = Release|Any CPU
		{B94928E2-881D-4253-B3AF-15485817E72D}.Release|Any CPU.Build.0 = Release|Any CPU
		{9E991402-0E00-4871-A2FF-D730FD3EDB80}.Debug|Any CPU.ActiveCfg = Debug|Any CPU
		{9E991402-0E00-4871-A2FF-D730FD3EDB80}.Debug|Any CPU.Build.0 = Debug|Any CPU
		{9E991402-0E00-4871-A2FF-D730FD3EDB80}.Release|Any CPU.ActiveCfg = Release|Any CPU
		{9E991402-0E00-4871-A2FF-D730FD3EDB80}.Release|Any CPU.Build.0 = Release|Any CPU
		{75E670DD-2A9C-44DA-B47B-18C5FD06EF96}.Debug|Any CPU.ActiveCfg = Debug|Any CPU
		{75E670DD-2A9C-44DA-B47B-18C5FD06EF96}.Debug|Any CPU.Build.0 = Debug|Any CPU
		{75E670DD-2A9C-44DA-B47B-18C5FD06EF96}.Release|Any CPU.ActiveCfg = Release|Any CPU
		{75E670DD-2A9C-44DA-B47B-18C5FD06EF96}.Release|Any CPU.Build.0 = Release|Any CPU
		{B0BD9D6F-8AB2-4768-BD83-5E00792BFDEC}.Debug|Any CPU.ActiveCfg = Debug|Any CPU
		{B0BD9D6F-8AB2-4768-BD83-5E00792BFDEC}.Debug|Any CPU.Build.0 = Debug|Any CPU
		{B0BD9D6F-8AB2-4768-BD83-5E00792BFDEC}.Release|Any CPU.ActiveCfg = Release|Any CPU
		{B0BD9D6F-8AB2-4768-BD83-5E00792BFDEC}.Release|Any CPU.Build.0 = Release|Any CPU
		{FA550A23-126B-4C9C-A5DB-AD35A196E900}.Debug|Any CPU.ActiveCfg = Debug|Any CPU
		{FA550A23-126B-4C9C-A5DB-AD35A196E900}.Debug|Any CPU.Build.0 = Debug|Any CPU
		{FA550A23-126B-4C9C-A5DB-AD35A196E900}.Release|Any CPU.ActiveCfg = Release|Any CPU
		{FA550A23-126B-4C9C-A5DB-AD35A196E900}.Release|Any CPU.Build.0 = Release|Any CPU
		{01A753BF-3755-4B67-BBB4-EFA8AC66B1EE}.Debug|Any CPU.ActiveCfg = Debug|Any CPU
		{01A753BF-3755-4B67-BBB4-EFA8AC66B1EE}.Debug|Any CPU.Build.0 = Debug|Any CPU
		{01A753BF-3755-4B67-BBB4-EFA8AC66B1EE}.Release|Any CPU.ActiveCfg = Release|Any CPU
		{01A753BF-3755-4B67-BBB4-EFA8AC66B1EE}.Release|Any CPU.Build.0 = Release|Any CPU
	EndGlobalSection
	GlobalSection(SolutionProperties) = preSolution
		HideSolutionNode = FALSE
	EndGlobalSection
	GlobalSection(NestedProjects) = preSolution
		{B158FAD2-6CEE-45F7-A175-CAAAAFCECDEC} = {BC574723-7DC0-412E-8BEF-1B5524F6446A}
		{5E2B0549-7570-4D5D-B3BE-43B7B4036910} = {BC574723-7DC0-412E-8BEF-1B5524F6446A}
		{A5767AEB-6644-4BAF-BBE6-6EFA0425E4E7} = {63830658-4CFC-4441-98ED-764D5F55DC9F}
		{527E78BA-1BA1-4298-8CB7-EAE474B328A6} = {63830658-4CFC-4441-98ED-764D5F55DC9F}
		{B94928E2-881D-4253-B3AF-15485817E72D} = {63830658-4CFC-4441-98ED-764D5F55DC9F}
		{9E991402-0E00-4871-A2FF-D730FD3EDB80} = {DDBA7DD7-593D-4E23-AC06-836A0EACA7A0}
		{75E670DD-2A9C-44DA-B47B-18C5FD06EF96} = {E1DD8F2E-3445-425C-965C-55754B9841FF}
		{B0BD9D6F-8AB2-4768-BD83-5E00792BFDEC} = {0ECB3EBD-0345-4718-9A10-54EE5CEBC5FB}
		{FA550A23-126B-4C9C-A5DB-AD35A196E900} = {881FA0B3-9549-4D2A-8165-832242D9BCB4}
		{01A753BF-3755-4B67-BBB4-EFA8AC66B1EE} = {881FA0B3-9549-4D2A-8165-832242D9BCB4}
	EndGlobalSection
	GlobalSection(ExtensibilityGlobals) = postSolution
		SolutionGuid = {7AF28743-D5C1-4729-97B9-812F65B06192}
	EndGlobalSection
EndGlobal
